
Microsoft Visual Studio Solution File, Format Version 12.00
# Visual Studio Version 16
VisualStudioVersion = 16.0.29519.87
MinimumVisualStudioVersion = 10.0.40219.1
Project("{FAE04EC0-301F-11D3-BF4B-00C04F79EFBC}") = "WebAPI", "WebAPI\WebAPI.csproj", "{76F5EF90-570C-4BF8-91F7-B59FBCB70295}"
EndProject
Global
	GlobalSection(SolutionConfigurationPlatforms) = preSolution
		Debug|Any CPU = Debug|Any CPU
		Release|Any CPU = Release|Any CPU
	EndGlobalSection
	GlobalSection(ProjectConfigurationPlatforms) = postSolution
		{76F5EF90-570C-4BF8-91F7-B59FBCB70295}.Debug|Any CPU.ActiveCfg = Debug|Any CPU
		{76F5EF90-570C-4BF8-91F7-B59FBCB70295}.Debug|Any CPU.Build.0 = Debug|Any CPU
		{76F5EF90-570C-4BF8-91F7-B59FBCB70295}.Release|Any CPU.ActiveCfg = Release|Any CPU
		{76F5EF90-570C-4BF8-91F7-B59FBCB70295}.Release|Any CPU.Build.0 = Release|Any CPU
	EndGlobalSection
	GlobalSection(SolutionProperties) = preSolution
		HideSolutionNode = FALSE
	EndGlobalSection
	GlobalSection(ExtensibilityGlobals) = postSolution
		SolutionGuid = {EDC901DA-D14C-432A-9681-438C4EF02CC2}
	EndGlobalSection
EndGlobal
